
Microsoft Visual Studio Solution File, Format Version 12.00
# Visual Studio 15
VisualStudioVersion = 15.0.27703.2042
MinimumVisualStudioVersion = 10.0.40219.1
Project("{8BC9CEB8-8B4A-11D0-8D11-00A0C91BC942}") = "KioskProj", "KioskProj.vcxproj", "{E052060F-313F-4DAE-B70D-747953D3510F}"
EndProject
Global
	GlobalSection(SolutionConfigurationPlatforms) = preSolution
		Debug|x64 = Debug|x64
		Debug|x86 = Debug|x86
		Release|x64 = Release|x64
		Release|x86 = Release|x86
	EndGlobalSection
	GlobalSection(ProjectConfigurationPlatforms) = postSolution
		{E052060F-313F-4DAE-B70D-747953D3510F}.Debug|x64.ActiveCfg = Debug|x64
		{E052060F-313F-4DAE-B70D-747953D3510F}.Debug|x64.Build.0 = Debug|x64
		{E052060F-313F-4DAE-B70D-747953D3510F}.Debug|x86.ActiveCfg = Debug|Win32
		{E052060F-313F-4DAE-B70D-747953D3510F}.Debug|x86.Build.0 = Debug|Win32
		{E052060F-313F-4DAE-B70D-747953D3510F}.Release|x64.ActiveCfg = Release|x64
		{E052060F-313F-4DAE-B70D-747953D3510F}.Release|x64.Build.0 = Release|x64
		{E052060F-313F-4DAE-B70D-747953D3510F}.Release|x86.ActiveCfg = Release|Win32
		{E052060F-313F-4DAE-B70D-747953D3510F}.Release|x86.Build.0 = Release|Win32
	EndGlobalSection
	GlobalSection(SolutionProperties) = preSolution
		HideSolutionNode = FALSE
	EndGlobalSection
	GlobalSection(ExtensibilityGlobals) = postSolution
		SolutionGuid = {8CF9B0C0-4EF1-4930-A296-8B149457BF08}
	EndGlobalSection
EndGlobal
