<?xml version="1.0" encoding="utf-8"?>
<Project ToolsVersion="4.0" xmlns="http://schemas.microsoft.com/developer/msbuild/2003">
  <ItemGroup>
    <Filter Include="소스 파일">
      <UniqueIdentifier>{4FC737F1-C7A5-4376-A066-2A32D752A2FF}</UniqueIdentifier>
      <Extensions>cpp;c;cc;cxx;def;odl;idl;hpj;bat;asm;asmx</Extensions>
    </Filter>
    <Filter Include="헤더 파일">
      <UniqueIdentifier>{93995380-89BD-4b04-88EB-625FBE52EBFB}</UniqueIdentifier>
      <Extensions>h;hh;hpp;hxx;hm;inl;inc;ipp;xsd</Extensions>
    </Filter>
    <Filter Include="리소스 파일">
      <UniqueIdentifier>{67DA6AB6-F800-4c08-8B7A-83BB121AAD01}</UniqueIdentifier>
      <Extensions>rc;ico;cur;bmp;dlg;rc2;rct;bin;rgs;gif;jpg;jpeg;jpe;resx;tiff;tif;png;wav;mfcribbon-ms</Extensions>
    </Filter>
  </ItemGroup>
  <ItemGroup>
    <ClCompile Include="KioskMenu.cpp">
      <Filter>소스 파일</Filter>
    </ClCompile>
    <ClCompile Include="Admin.cpp">
      <Filter>소스 파일</Filter>
    </ClCompile>
    <ClCompile Include="AdminMenu.cpp">
      <Filter>소스 파일</Filter>
    </ClCompile>
    <ClCompile Include="ResetPwView.cpp">
      <Filter>소스 파일</Filter>
    </ClCompile>
    <ClCompile Include="CalView.cpp">
      <Filter>소스 파일</Filter>
    </ClCompile>
    <ClCompile Include="StockView.cpp">
      <Filter>소스 파일</Filter>
    </ClCompile>
    <ClCompile Include="AdminLogin.cpp">
      <Filter>소스 파일</Filter>
    </ClCompile>
    <ClCompile Include="SeatSelectView.cpp">
      <Filter>소스 파일</Filter>
    </ClCompile>
    <ClCompile Include="TimeSelectView.cpp">
      <Filter>소스 파일</Filter>
    </ClCompile>
    <ClCompile Include="Main.cpp">
      <Filter>소스 파일</Filter>
    </ClCompile>
    <ClCompile Include="EditStockView.cpp">
      <Filter>소스 파일</Filter>
    </ClCompile>
    <ClCompile Include="Drink.cpp">
      <Filter>소스 파일</Filter>
    </ClCompile>
  </ItemGroup>
  <ItemGroup>
    <ClInclude Include="KioskMenu.h">
      <Filter>헤더 파일</Filter>
    </ClInclude>
    <ClInclude Include="Admin.h">
      <Filter>헤더 파일</Filter>
    </ClInclude>
    <ClInclude Include="AdminMenu.h">
      <Filter>헤더 파일</Filter>
    </ClInclude>
    <ClInclude Include="ResetPwView.h">
      <Filter>헤더 파일</Filter>
    </ClInclude>
    <ClInclude Include="CalView.h">
      <Filter>헤더 파일</Filter>
    </ClInclude>
    <ClInclude Include="StockView.h">
      <Filter>헤더 파일</Filter>
    </ClInclude>
    <ClInclude Include="AdminLogin.h">
      <Filter>헤더 파일</Filter>
    </ClInclude>
    <ClInclude Include="SeatSelectView.h">
      <Filter>헤더 파일</Filter>
    </ClInclude>
    <ClInclude Include="TimeSelectView.h">
      <Filter>헤더 파일</Filter>
    </ClInclude>
    <ClInclude Include="EditStockView.h">
      <Filter>헤더 파일</Filter>
    </ClInclude>
    <ClInclude Include="Drink.h">
      <Filter>헤더 파일</Filter>
    </ClInclude>
  </ItemGroup>
  <ItemGroup>
    <EmbeddedResource Include="KioskMenu.resx">
      <Filter>리소스 파일</Filter>
    </EmbeddedResource>
    <EmbeddedResource Include="AdminMenu.resx">
      <Filter>리소스 파일</Filter>
    </EmbeddedResource>
    <EmbeddedResource Include="CalView.resx">
      <Filter>리소스 파일</Filter>
    </EmbeddedResource>
    <EmbeddedResource Include="ResetPwView.resx">
      <Filter>리소스 파일</Filter>
    </EmbeddedResource>
    <EmbeddedResource Include="StockView.resx">
      <Filter>리소스 파일</Filter>
    </EmbeddedResource>
    <EmbeddedResource Include="AdminLogin.resx">
      <Filter>리소스 파일</Filter>
    </EmbeddedResource>
    <EmbeddedResource Include="SeatSelectView.resx">
      <Filter>리소스 파일</Filter>
    </EmbeddedResource>
    <EmbeddedResource Include="TimeSelectView.resx">
      <Filter>리소스 파일</Filter>
    </EmbeddedResource>
  </ItemGroup>
</Project>